
Microsoft Visual Studio Solution File, Format Version 12.00
# Visual Studio 15
VisualStudioVersion = 15.0.28307.1062
MinimumVisualStudioVersion = 10.0.40219.1
Project("{F184B08F-C81C-45F6-A57F-5ABD9991F28F}") = "WindowsApp1", "WindowsApp1\WindowsApp1.vbproj", "{FF80B061-B1D8-4C7C-80BF-9B02E8224D8F}"
EndProject
Project("{F184B08F-C81C-45F6-A57F-5ABD9991F28F}") = "WindowsApplication2", "WindowsApplication2\WindowsApplication2.vbproj", "{038B0EBF-9CDB-4FBB-9A57-6301F4C00689}"
EndProject
Project("{F184B08F-C81C-45F6-A57F-5ABD9991F28F}") = "WindowsApp2", "WindowsApp2\WindowsApp2.vbproj", "{6957CADF-3707-4FA8-93F9-00DBD69F38CC}"
EndProject
Global
	GlobalSection(SolutionConfigurationPlatforms) = preSolution
		Debug|Any CPU = Debug|Any CPU
		Release|Any CPU = Release|Any CPU
	EndGlobalSection
	GlobalSection(ProjectConfigurationPlatforms) = postSolution
		{FF80B061-B1D8-4C7C-80BF-9B02E8224D8F}.Debug|Any CPU.ActiveCfg = Debug|Any CPU
		{FF80B061-B1D8-4C7C-80BF-9B02E8224D8F}.Debug|Any CPU.Build.0 = Debug|Any CPU
		{FF80B061-B1D8-4C7C-80BF-9B02E8224D8F}.Release|Any CPU.ActiveCfg = Release|Any CPU
		{FF80B061-B1D8-4C7C-80BF-9B02E8224D8F}.Release|Any CPU.Build.0 = Release|Any CPU
		{038B0EBF-9CDB-4FBB-9A57-6301F4C00689}.Debug|Any CPU.ActiveCfg = Debug|Any CPU
		{038B0EBF-9CDB-4FBB-9A57-6301F4C00689}.Debug|Any CPU.Build.0 = Debug|Any CPU
		{038B0EBF-9CDB-4FBB-9A57-6301F4C00689}.Release|Any CPU.ActiveCfg = Release|Any CPU
		{038B0EBF-9CDB-4FBB-9A57-6301F4C00689}.Release|Any CPU.Build.0 = Release|Any CPU
		{6957CADF-3707-4FA8-93F9-00DBD69F38CC}.Debug|Any CPU.ActiveCfg = Debug|Any CPU
		{6957CADF-3707-4FA8-93F9-00DBD69F38CC}.Debug|Any CPU.Build.0 = Debug|Any CPU
		{6957CADF-3707-4FA8-93F9-00DBD69F38CC}.Release|Any CPU.ActiveCfg = Release|Any CPU
		{6957CADF-3707-4FA8-93F9-00DBD69F38CC}.Release|Any CPU.Build.0 = Release|Any CPU
	EndGlobalSection
	GlobalSection(SolutionProperties) = preSolution
		HideSolutionNode = FALSE
	EndGlobalSection
	GlobalSection(ExtensibilityGlobals) = postSolution
		SolutionGuid = {F7BDB8BE-A7BA-4BEF-91A8-44D64B1BFAEC}
	EndGlobalSection
EndGlobal
